
Microsoft Visual Studio Solution File, Format Version 12.00
# Visual Studio Version 17
VisualStudioVersion = 17.5.33502.453
MinimumVisualStudioVersion = 10.0.40219.1
Project("{FAE04EC0-301F-11D3-BF4B-00C04F79EFBC}") = "ConexionGestionPedidos", "ConexionGestionPedidos.csproj", "{80861B60-5136-4825-9E7D-D073BFF6D33E}"
EndProject
Global
	GlobalSection(SolutionConfigurationPlatforms) = preSolution
		Debug|Any CPU = Debug|Any CPU
		Release|Any CPU = Release|Any CPU
	EndGlobalSection
	GlobalSection(ProjectConfigurationPlatforms) = postSolution
		{80861B60-5136-4825-9E7D-D073BFF6D33E}.Debug|Any CPU.ActiveCfg = Debug|Any CPU
		{80861B60-5136-4825-9E7D-D073BFF6D33E}.Debug|Any CPU.Build.0 = Debug|Any CPU
		{80861B60-5136-4825-9E7D-D073BFF6D33E}.Release|Any CPU.ActiveCfg = Release|Any CPU
		{80861B60-5136-4825-9E7D-D073BFF6D33E}.Release|Any CPU.Build.0 = Release|Any CPU
	EndGlobalSection
	GlobalSection(SolutionProperties) = preSolution
		HideSolutionNode = FALSE
	EndGlobalSection
	GlobalSection(ExtensibilityGlobals) = postSolution
		SolutionGuid = {BE2EC4A5-629F-4AC6-930A-D3FBC423A861}
	EndGlobalSection
EndGlobal
