
Microsoft Visual Studio Solution File, Format Version 12.00
# Visual Studio Version 17
VisualStudioVersion = 17.4.33403.182
MinimumVisualStudioVersion = 10.0.40219.1
Project("{FAE04EC0-301F-11D3-BF4B-00C04F79EFBC}") = "Tarea_Collections_List", "Tarea_Collections_List.csproj", "{2705F5D1-ADC1-4714-890C-1796DF2A9632}"
EndProject
Global
	GlobalSection(SolutionConfigurationPlatforms) = preSolution
		Debug|Any CPU = Debug|Any CPU
		Release|Any CPU = Release|Any CPU
	EndGlobalSection
	GlobalSection(ProjectConfigurationPlatforms) = postSolution
		{2705F5D1-ADC1-4714-890C-1796DF2A9632}.Debug|Any CPU.ActiveCfg = Debug|Any CPU
		{2705F5D1-ADC1-4714-890C-1796DF2A9632}.Debug|Any CPU.Build.0 = Debug|Any CPU
		{2705F5D1-ADC1-4714-890C-1796DF2A9632}.Release|Any CPU.ActiveCfg = Release|Any CPU
		{2705F5D1-ADC1-4714-890C-1796DF2A9632}.Release|Any CPU.Build.0 = Release|Any CPU
	EndGlobalSection
	GlobalSection(SolutionProperties) = preSolution
		HideSolutionNode = FALSE
	EndGlobalSection
	GlobalSection(ExtensibilityGlobals) = postSolution
		SolutionGuid = {A62E4045-6CE4-4988-903C-6AA54849718E}
	EndGlobalSection
EndGlobal
