
Microsoft Visual Studio Solution File, Format Version 12.00
# Visual Studio Version 17
VisualStudioVersion = 17.5.33502.453
MinimumVisualStudioVersion = 10.0.40219.1
Project("{FAE04EC0-301F-11D3-BF4B-00C04F79EFBC}") = "Conexion_con_BDD_calificaciones", "Conexion_con_BDD_calificaciones.csproj", "{49985E7A-3819-4C0C-BE0F-C295F6805C9F}"
EndProject
Global
	GlobalSection(SolutionConfigurationPlatforms) = preSolution
		Debug|Any CPU = Debug|Any CPU
		Release|Any CPU = Release|Any CPU
	EndGlobalSection
	GlobalSection(ProjectConfigurationPlatforms) = postSolution
		{49985E7A-3819-4C0C-BE0F-C295F6805C9F}.Debug|Any CPU.ActiveCfg = Debug|Any CPU
		{49985E7A-3819-4C0C-BE0F-C295F6805C9F}.Debug|Any CPU.Build.0 = Debug|Any CPU
		{49985E7A-3819-4C0C-BE0F-C295F6805C9F}.Release|Any CPU.ActiveCfg = Release|Any CPU
		{49985E7A-3819-4C0C-BE0F-C295F6805C9F}.Release|Any CPU.Build.0 = Release|Any CPU
	EndGlobalSection
	GlobalSection(SolutionProperties) = preSolution
		HideSolutionNode = FALSE
	EndGlobalSection
	GlobalSection(ExtensibilityGlobals) = postSolution
		SolutionGuid = {232A4237-401F-4F01-BDA2-B17B8B88983C}
	EndGlobalSection
EndGlobal
