
Microsoft Visual Studio Solution File, Format Version 12.00
# Visual Studio Version 17
VisualStudioVersion = 17.4.33403.182
MinimumVisualStudioVersion = 10.0.40219.1
Project("{FAE04EC0-301F-11D3-BF4B-00C04F79EFBC}") = "Tarea_01_Métodos", "Tarea_01_Métodos.csproj", "{4F839C2C-048E-4D4D-826E-934D57D8234D}"
EndProject
Global
	GlobalSection(SolutionConfigurationPlatforms) = preSolution
		Debug|Any CPU = Debug|Any CPU
		Release|Any CPU = Release|Any CPU
	EndGlobalSection
	GlobalSection(ProjectConfigurationPlatforms) = postSolution
		{4F839C2C-048E-4D4D-826E-934D57D8234D}.Debug|Any CPU.ActiveCfg = Debug|Any CPU
		{4F839C2C-048E-4D4D-826E-934D57D8234D}.Debug|Any CPU.Build.0 = Debug|Any CPU
		{4F839C2C-048E-4D4D-826E-934D57D8234D}.Release|Any CPU.ActiveCfg = Release|Any CPU
		{4F839C2C-048E-4D4D-826E-934D57D8234D}.Release|Any CPU.Build.0 = Release|Any CPU
	EndGlobalSection
	GlobalSection(SolutionProperties) = preSolution
		HideSolutionNode = FALSE
	EndGlobalSection
	GlobalSection(ExtensibilityGlobals) = postSolution
		SolutionGuid = {7278CEB6-D129-4DF0-9362-978F299A1186}
	EndGlobalSection
EndGlobal
