
Microsoft Visual Studio Solution File, Format Version 12.00
# Visual Studio Version 17
VisualStudioVersion = 17.5.33502.453
MinimumVisualStudioVersion = 10.0.40219.1
Project("{FAE04EC0-301F-11D3-BF4B-00C04F79EFBC}") = "CRUD.Ado.NET", "CRUD.Ado.NET.csproj", "{91744A9D-2638-4315-AB60-B23479A4028E}"
EndProject
Global
	GlobalSection(SolutionConfigurationPlatforms) = preSolution
		Debug|Any CPU = Debug|Any CPU
		Release|Any CPU = Release|Any CPU
	EndGlobalSection
	GlobalSection(ProjectConfigurationPlatforms) = postSolution
		{91744A9D-2638-4315-AB60-B23479A4028E}.Debug|Any CPU.ActiveCfg = Debug|Any CPU
		{91744A9D-2638-4315-AB60-B23479A4028E}.Debug|Any CPU.Build.0 = Debug|Any CPU
		{91744A9D-2638-4315-AB60-B23479A4028E}.Release|Any CPU.ActiveCfg = Release|Any CPU
		{91744A9D-2638-4315-AB60-B23479A4028E}.Release|Any CPU.Build.0 = Release|Any CPU
	EndGlobalSection
	GlobalSection(SolutionProperties) = preSolution
		HideSolutionNode = FALSE
	EndGlobalSection
	GlobalSection(ExtensibilityGlobals) = postSolution
		SolutionGuid = {ACD01055-B8A8-4AD9-9F7E-20BD2270160E}
	EndGlobalSection
EndGlobal
