
Microsoft Visual Studio Solution File, Format Version 12.00
# Visual Studio Version 17
VisualStudioVersion = 17.5.33502.453
MinimumVisualStudioVersion = 10.0.40219.1
Project("{FAE04EC0-301F-11D3-BF4B-00C04F79EFBC}") = "TaskConAwait", "TaskConAwait.csproj", "{53B81A2A-9E30-4D06-9A8B-804D832E7AB7}"
EndProject
Global
	GlobalSection(SolutionConfigurationPlatforms) = preSolution
		Debug|Any CPU = Debug|Any CPU
		Release|Any CPU = Release|Any CPU
	EndGlobalSection
	GlobalSection(ProjectConfigurationPlatforms) = postSolution
		{53B81A2A-9E30-4D06-9A8B-804D832E7AB7}.Debug|Any CPU.ActiveCfg = Debug|Any CPU
		{53B81A2A-9E30-4D06-9A8B-804D832E7AB7}.Debug|Any CPU.Build.0 = Debug|Any CPU
		{53B81A2A-9E30-4D06-9A8B-804D832E7AB7}.Release|Any CPU.ActiveCfg = Release|Any CPU
		{53B81A2A-9E30-4D06-9A8B-804D832E7AB7}.Release|Any CPU.Build.0 = Release|Any CPU
	EndGlobalSection
	GlobalSection(SolutionProperties) = preSolution
		HideSolutionNode = FALSE
	EndGlobalSection
	GlobalSection(ExtensibilityGlobals) = postSolution
		SolutionGuid = {2ACF1742-492E-469E-A7FF-D0E961774D22}
	EndGlobalSection
EndGlobal
