
Microsoft Visual Studio Solution File, Format Version 12.00
# Visual Studio Version 17
VisualStudioVersion = 17.5.33502.453
MinimumVisualStudioVersion = 10.0.40219.1
Project("{FAE04EC0-301F-11D3-BF4B-00C04F79EFBC}") = "CancelaciónDeTask", "CancelaciónDeTask.csproj", "{89CCB9F0-0567-4CAB-B86F-3B1D0BAED9A2}"
EndProject
Global
	GlobalSection(SolutionConfigurationPlatforms) = preSolution
		Debug|Any CPU = Debug|Any CPU
		Release|Any CPU = Release|Any CPU
	EndGlobalSection
	GlobalSection(ProjectConfigurationPlatforms) = postSolution
		{89CCB9F0-0567-4CAB-B86F-3B1D0BAED9A2}.Debug|Any CPU.ActiveCfg = Debug|Any CPU
		{89CCB9F0-0567-4CAB-B86F-3B1D0BAED9A2}.Debug|Any CPU.Build.0 = Debug|Any CPU
		{89CCB9F0-0567-4CAB-B86F-3B1D0BAED9A2}.Release|Any CPU.ActiveCfg = Release|Any CPU
		{89CCB9F0-0567-4CAB-B86F-3B1D0BAED9A2}.Release|Any CPU.Build.0 = Release|Any CPU
	EndGlobalSection
	GlobalSection(SolutionProperties) = preSolution
		HideSolutionNode = FALSE
	EndGlobalSection
	GlobalSection(ExtensibilityGlobals) = postSolution
		SolutionGuid = {534D2332-354A-4E9B-8EEE-17CE6839A2B9}
	EndGlobalSection
EndGlobal
