
Microsoft Visual Studio Solution File, Format Version 12.00
# Visual Studio Version 17
VisualStudioVersion = 17.4.33403.182
MinimumVisualStudioVersion = 10.0.40219.1
Project("{FAE04EC0-301F-11D3-BF4B-00C04F79EFBC}") = "OperacionesMatematicas", "OperacionesMatematicas.csproj", "{89B5237D-37A9-45F5-8640-F7B870B3A40A}"
EndProject
Global
	GlobalSection(SolutionConfigurationPlatforms) = preSolution
		Debug|Any CPU = Debug|Any CPU
		Release|Any CPU = Release|Any CPU
	EndGlobalSection
	GlobalSection(ProjectConfigurationPlatforms) = postSolution
		{89B5237D-37A9-45F5-8640-F7B870B3A40A}.Debug|Any CPU.ActiveCfg = Debug|Any CPU
		{89B5237D-37A9-45F5-8640-F7B870B3A40A}.Debug|Any CPU.Build.0 = Debug|Any CPU
		{89B5237D-37A9-45F5-8640-F7B870B3A40A}.Release|Any CPU.ActiveCfg = Release|Any CPU
		{89B5237D-37A9-45F5-8640-F7B870B3A40A}.Release|Any CPU.Build.0 = Release|Any CPU
	EndGlobalSection
	GlobalSection(SolutionProperties) = preSolution
		HideSolutionNode = FALSE
	EndGlobalSection
	GlobalSection(ExtensibilityGlobals) = postSolution
		SolutionGuid = {0D58B04A-D30C-45A4-9CC3-E0D64F462196}
	EndGlobalSection
EndGlobal
